// !$*UTF8*$!
{
	archiveVersion = 1;
	classes = {
	};
	objectVersion = 52;
	objects = {

/* Begin PBXBuildFile section */
		5A03478C22D39D0900749EBC /* FMDatabaseQueue.m in Sources */ = {isa = PBXBuildFile; fileRef = 5A03478422D39D0800749EBC /* FMDatabaseQueue.m */; };
		5A03478D22D39D0900749EBC /* FMResultSet.m in Sources */ = {isa = PBXBuildFile; fileRef = 5A03478622D39D0800749EBC /* FMResultSet.m */; };
		5A03478E22D39D0900749EBC /* FMDatabase.m in Sources */ = {isa = PBXBuildFile; fileRef = 5A03478822D39D0900749EBC /* FMDatabase.m */; };
		5A03478F22D39D0900749EBC /* FMDatabasePool.m in Sources */ = {isa = PBXBuildFile; fileRef = 5A03478A22D39D0900749EBC /* FMDatabasePool.m */; };
		5A03479022D39D0900749EBC /* FMDatabaseAdditions.m in Sources */ = {isa = PBXBuildFile; fileRef = 5A03478B22D39D0900749EBC /* FMDatabaseAdditions.m */; };
		5A03479622D3EE7500749EBC /* Globals.swift in Sources */ = {isa = PBXBuildFile; fileRef = 5A03479522D3EE7500749EBC /* Globals.swift */; };
		5A15062A22557E7C00717AB8 /* Answer.swift in Sources */ = {isa = PBXBuildFile; fileRef = 5A15062922557E7C00717AB8 /* Answer.swift */; };
		5A189C2D216D8E8400929AB8 /* AppDelegate.swift in Sources */ = {isa = PBXBuildFile; fileRef = 5A189C2C216D8E8400929AB8 /* AppDelegate.swift */; };
		5A189C32216D8E8400929AB8 /* Main.storyboard in Resources */ = {isa = PBXBuildFile; fileRef = 5A189C30216D8E8400929AB8 /* Main.storyboard */; };
		5A189C37216D8E8400929AB8 /* LaunchScreen.storyboard in Resources */ = {isa = PBXBuildFile; fileRef = 5A189C35216D8E8400929AB8 /* LaunchScreen.storyboard */; };
		5A18DF71241E8AD10006825B /* MyConstants.swift in Sources */ = {isa = PBXBuildFile; fileRef = 5A18DF70241E8AD10006825B /* MyConstants.swift */; };
		5A2A58DB22EF7F1400434910 /* TestHomeVCH.swift in Sources */ = {isa = PBXBuildFile; fileRef = 5A2A58DA22EF7F1400434910 /* TestHomeVCH.swift */; };
		5A2A58DD22F8C35200434910 /* TestSetVC.swift in Sources */ = {isa = PBXBuildFile; fileRef = 5A2A58DC22F8C35200434910 /* TestSetVC.swift */; };
		5A2A58DF22F8CE8100434910 /* TestSetVCH.swift in Sources */ = {isa = PBXBuildFile; fileRef = 5A2A58DE22F8CE8100434910 /* TestSetVCH.swift */; };
		5A2A58EE22FBC24900434910 /* TestOptionsVC.swift in Sources */ = {isa = PBXBuildFile; fileRef = 5A2A58ED22FBC24900434910 /* TestOptionsVC.swift */; };
		5A367D2E22EA683F003A7E4B /* LearningHomeOptionsVC.swift in Sources */ = {isa = PBXBuildFile; fileRef = 5A367D2D22EA683F003A7E4B /* LearningHomeOptionsVC.swift */; };
		5A367D3422EF513F003A7E4B /* CircularBar.swift in Sources */ = {isa = PBXBuildFile; fileRef = 5A367D3322EF513F003A7E4B /* CircularBar.swift */; };
		5A37F87A22E74B18008A5FA5 /* ScrollController.swift in Sources */ = {isa = PBXBuildFile; fileRef = 5A37F87922E74B18008A5FA5 /* ScrollController.swift */; };
		5A4471552281C655008E3107 /* TermListVCH.swift in Sources */ = {isa = PBXBuildFile; fileRef = 5A4471542281C655008E3107 /* TermListVCH.swift */; };
		5A4471652284EE85008E3107 /* TermCell.swift in Sources */ = {isa = PBXBuildFile; fileRef = 5A4471642284EE85008E3107 /* TermCell.swift */; };
		5A4F854822B168870016621C /* LearnCVCell.swift in Sources */ = {isa = PBXBuildFile; fileRef = 5A4F854722B168870016621C /* LearnCVCell.swift */; };
		5A4F854A22B16C2E0016621C /* LearnSetVCH.swift in Sources */ = {isa = PBXBuildFile; fileRef = 5A4F854922B16C2E0016621C /* LearnSetVCH.swift */; };
		5A4F854C22B173B50016621C /* LearnSetVC.swift in Sources */ = {isa = PBXBuildFile; fileRef = 5A4F854B22B173B40016621C /* LearnSetVC.swift */; };
		5A4F855022B310F80016621C /* AnswerTCell.swift in Sources */ = {isa = PBXBuildFile; fileRef = 5A4F854F22B310F80016621C /* AnswerTCell.swift */; };
		5A5FF785241207D50036480D /* MyAudioPlayer.swift in Sources */ = {isa = PBXBuildFile; fileRef = 5A5FF784241207D50036480D /* MyAudioPlayer.swift */; };
		5A67C14B231071D900BAA2A0 /* TestDoneCVCell.swift in Sources */ = {isa = PBXBuildFile; fileRef = 5A67C14A231071D900BAA2A0 /* TestDoneCVCell.swift */; };
		5A67C14D231077FA00BAA2A0 /* LearnDoneCVCell.swift in Sources */ = {isa = PBXBuildFile; fileRef = 5A67C14C231077FA00BAA2A0 /* LearnDoneCVCell.swift */; };
		5A78911323428AFA00F7EC48 /* InfoVC.swift in Sources */ = {isa = PBXBuildFile; fileRef = 5A78911223428AFA00F7EC48 /* InfoVC.swift */; };
		5A88633F217226180013FC8B /* Medical Terminology.db in Resources */ = {isa = PBXBuildFile; fileRef = 5A88633D217226180013FC8B /* Medical Terminology.db */; };
		5A88634E218560030013FC8B /* TermListVC.swift in Sources */ = {isa = PBXBuildFile; fileRef = 5A88634D218560030013FC8B /* TermListVC.swift */; };
		5ABE7221226CB25F005B83C4 /* Utilities.swift in Sources */ = {isa = PBXBuildFile; fileRef = 5ABE7220226CB25F005B83C4 /* Utilities.swift */; };
		5AC0C56F22D6AB77009965F1 /* LearningHomeVC.swift in Sources */ = {isa = PBXBuildFile; fileRef = 5AC0C56E22D6AB77009965F1 /* LearningHomeVC.swift */; };
		5AC0C57322D6C83C009965F1 /* LearningHomeVCH.swift in Sources */ = {isa = PBXBuildFile; fileRef = 5AC0C57222D6C83C009965F1 /* LearningHomeVCH.swift */; };
		5AD725E6225E4E2F007CED84 /* MyTheme.swift in Sources */ = {isa = PBXBuildFile; fileRef = 5AD725E5225E4E2F007CED84 /* MyTheme.swift */; };
		5AF85739228F2C27008929D5 /* FlashcardCell.swift in Sources */ = {isa = PBXBuildFile; fileRef = 5AF85738228F2C27008929D5 /* FlashcardCell.swift */; };
		991AC59F262693DF00E52062 /* CategoryVC.swift in Sources */ = {isa = PBXBuildFile; fileRef = 991AC59E262693DF00E52062 /* CategoryVC.swift */; };
		991AC5A7262755E300E52062 /* CategoryVCH.swift in Sources */ = {isa = PBXBuildFile; fileRef = 991AC5A6262755E300E52062 /* CategoryVCH.swift */; };
		992B56812612870C000457AA /* TextUtilities.swift in Sources */ = {isa = PBXBuildFile; fileRef = 992B56802612870C000457AA /* TextUtilities.swift */; };
		992B56A4261382BF000457AA /* ValidationVC.swift in Sources */ = {isa = PBXBuildFile; fileRef = 992B56A3261382BF000457AA /* ValidationVC.swift */; };
		992E79D2260A2ADD00C19D49 /* FlashCardOptionsVC.swift in Sources */ = {isa = PBXBuildFile; fileRef = 992E79CF260A2ADD00C19D49 /* FlashCardOptionsVC.swift */; };
		992E79D3260A2ADD00C19D49 /* FlashcardVCH.swift in Sources */ = {isa = PBXBuildFile; fileRef = 992E79D0260A2ADD00C19D49 /* FlashcardVCH.swift */; };
		992E79D4260A2ADD00C19D49 /* FlashcardVC.swift in Sources */ = {isa = PBXBuildFile; fileRef = 992E79D1260A2ADD00C19D49 /* FlashcardVC.swift */; };
		992E79DF260A43C700C19D49 /* Term.swift in Sources */ = {isa = PBXBuildFile; fileRef = 992E79DD260A43C700C19D49 /* Term.swift */; };
		992E79E0260A43C700C19D49 /* TermController.swift in Sources */ = {isa = PBXBuildFile; fileRef = 992E79DE260A43C700C19D49 /* TermController.swift */; };
		992E79E8260B834200C19D49 /* Category.swift in Sources */ = {isa = PBXBuildFile; fileRef = 992E79E7260B834200C19D49 /* Category.swift */; };
		992E79EB260C413D00C19D49 /* AddCell.swift in Sources */ = {isa = PBXBuildFile; fileRef = 992E79EA260C413D00C19D49 /* AddCell.swift */; };
		992E79FD260FBA3100C19D49 /* CategoryController.swift in Sources */ = {isa = PBXBuildFile; fileRef = 992E79FC260FBA3100C19D49 /* CategoryController.swift */; };
		992F87042630B3EC00591CF9 /* NoFlashCardCell.swift in Sources */ = {isa = PBXBuildFile; fileRef = 992F87032630B3EC00591CF9 /* NoFlashCardCell.swift */; };
		994175DE245A38A900E281DB /* AudioFileController.swift in Sources */ = {isa = PBXBuildFile; fileRef = 994175DD245A38A900E281DB /* AudioFileController.swift */; };
		994175E2245B5BAE00E281DB /* SettingsController.swift in Sources */ = {isa = PBXBuildFile; fileRef = 994175E1245B5BAE00E281DB /* SettingsController.swift */; };
		9950D3DC245E720D0052574A /* WelcomeScreenVC.swift in Sources */ = {isa = PBXBuildFile; fileRef = 9950D3DB245E720D0052574A /* WelcomeScreenVC.swift */; };
		9959B73525EE85A700262CC3 /* Audio in Resources */ = {isa = PBXBuildFile; fileRef = 9959B73425EE85A700262CC3 /* Audio */; };
		9960A04826027EC4003F4994 /* NoCategoriesCell.swift in Sources */ = {isa = PBXBuildFile; fileRef = 9960A04726027EC4003F4994 /* NoCategoriesCell.swift */; };
		9963C24E2475828D0096E348 /* Assets.xcassets in Resources */ = {isa = PBXBuildFile; fileRef = 9963C24D2475828B0096E348 /* Assets.xcassets */; };
		9983980F25F05B6B00CC0354 /* StoreKit.framework in Frameworks */ = {isa = PBXBuildFile; fileRef = 9983980E25F05B6B00CC0354 /* StoreKit.framework */; };
		99937ACE263EDAA2001E4D4B /* QuestionController.swift in Sources */ = {isa = PBXBuildFile; fileRef = 99937ACD263EDAA2001E4D4B /* QuestionController.swift */; };
		99937AD1263F23E8001E4D4B /* QuizBase.swift in Sources */ = {isa = PBXBuildFile; fileRef = 99937AD0263F23E8001E4D4B /* QuizBase.swift */; };
		99937AD4263F24FB001E4D4B /* Question.swift in Sources */ = {isa = PBXBuildFile; fileRef = 99937AD3263F24FB001E4D4B /* Question.swift */; };
		99937AD7263F25C7001E4D4B /* LearningSet.swift in Sources */ = {isa = PBXBuildFile; fileRef = 99937AD6263F25C7001E4D4B /* LearningSet.swift */; };
		99937ADB263F79A7001E4D4B /* QuizSet.swift in Sources */ = {isa = PBXBuildFile; fileRef = 99937ADA263F79A7001E4D4B /* QuizSet.swift */; };
		99937AE22640E4A1001E4D4B /* QuizTestBase.swift in Sources */ = {isa = PBXBuildFile; fileRef = 99937AE12640E4A1001E4D4B /* QuizTestBase.swift */; };
		99937AFF26425D9F001E4D4B /* FlashcardController.swift in Sources */ = {isa = PBXBuildFile; fileRef = 99937AFE26425D9F001E4D4B /* FlashcardController.swift */; };
		99937B0E264DFFF4001E4D4B /* MigrateDB.swift in Sources */ = {isa = PBXBuildFile; fileRef = 99937B0D264DFFF4001E4D4B /* MigrateDB.swift */; };
		99937B11264EA49F001E4D4B /* AssignedCategory.swift in Sources */ = {isa = PBXBuildFile; fileRef = 99937B10264EA49F001E4D4B /* AssignedCategory.swift */; };
		99937B14264EA578001E4D4B /* AssignedCategoryController.swift in Sources */ = {isa = PBXBuildFile; fileRef = 99937B13264EA578001E4D4B /* AssignedCategoryController.swift */; };
		99A722D5261E7846001DEDBD /* SingleLineInputVC.swift in Sources */ = {isa = PBXBuildFile; fileRef = 99A722D4261E7846001DEDBD /* SingleLineInputVC.swift */; };
		99A722DC261F5693001DEDBD /* ZUIRoundedButton.swift in Sources */ = {isa = PBXBuildFile; fileRef = 99A722DB261F5693001DEDBD /* ZUIRoundedButton.swift */; };
		99A723042620D036001DEDBD /* MultiLineInputVC.swift in Sources */ = {isa = PBXBuildFile; fileRef = 99A723032620D036001DEDBD /* MultiLineInputVC.swift */; };
		99A7230A2621EEAB001DEDBD /* TextInputVCH.swift in Sources */ = {isa = PBXBuildFile; fileRef = 99A723092621EEAB001DEDBD /* TextInputVCH.swift */; };
		99A723192623A445001DEDBD /* TermVCH.swift in Sources */ = {isa = PBXBuildFile; fileRef = 99A723182623A445001DEDBD /* TermVCH.swift */; };
		99A99CCB25E9C97700308140 /* MyKeys.swift in Sources */ = {isa = PBXBuildFile; fileRef = 99A99CCA25E9C97700308140 /* MyKeys.swift */; };
		99A99CD925EA1F0A00308140 /* DatabaseUtilities.swift in Sources */ = {isa = PBXBuildFile; fileRef = 99A99CD825EA1F0A00308140 /* DatabaseUtilities.swift */; };
		99D55E0225F6C7B7003ABE0B /* TestCVCell.swift in Sources */ = {isa = PBXBuildFile; fileRef = 99D55E0125F6C7B7003ABE0B /* TestCVCell.swift */; };
		99D55E0525F6C7CA003ABE0B /* TestHomeVC.swift in Sources */ = {isa = PBXBuildFile; fileRef = 99D55E0425F6C7CA003ABE0B /* TestHomeVC.swift */; };
		99D55E0A25F6DAD8003ABE0B /* CategoryListVC.swift in Sources */ = {isa = PBXBuildFile; fileRef = 99D55E0925F6DAD8003ABE0B /* CategoryListVC.swift */; };
		99D55E1225F7EF92003ABE0B /* CategoryListVCH.swift in Sources */ = {isa = PBXBuildFile; fileRef = 99D55E1125F7EF92003ABE0B /* CategoryListVCH.swift */; };
		99D55E1725F967AA003ABE0B /* CategoryCell.swift in Sources */ = {isa = PBXBuildFile; fileRef = 99D55E1625F967AA003ABE0B /* CategoryCell.swift */; };
		99D55E4D25FF5A03003ABE0B /* Tests.swift in Sources */ = {isa = PBXBuildFile; fileRef = 99D55E4C25FF5A03003ABE0B /* Tests.swift */; };
		99D76AC52616C9CE0062CCD4 /* TermsList.swift in Sources */ = {isa = PBXBuildFile; fileRef = 99D76AC42616C9CE0062CCD4 /* TermsList.swift */; };
		99D76AD22617909A0062CCD4 /* NoTermsCell.swift in Sources */ = {isa = PBXBuildFile; fileRef = 99D76AD12617909A0062CCD4 /* NoTermsCell.swift */; };
		99D76AE926181C560062CCD4 /* ZUIToggleButton.swift in Sources */ = {isa = PBXBuildFile; fileRef = 99D76AE826181C560062CCD4 /* ZUIToggleButton.swift */; };
		99D76B01261969AA0062CCD4 /* TermVC.swift in Sources */ = {isa = PBXBuildFile; fileRef = 99D76B00261969AA0062CCD4 /* TermVC.swift */; };
/* End PBXBuildFile section */

/* Begin PBXFileReference section */
		5A03478022D39D0700749EBC /* Medical Terminology-Bridging-Header.h */ = {isa = PBXFileReference; lastKnownFileType = sourcecode.c.h; path = "Medical Terminology-Bridging-Header.h"; sourceTree = "<group>"; };
		5A03478122D39D0800749EBC /* FMDatabaseAdditions.h */ = {isa = PBXFileReference; fileEncoding = 4; lastKnownFileType = sourcecode.c.h; path = FMDatabaseAdditions.h; sourceTree = "<group>"; };
		5A03478222D39D0800749EBC /* FMDatabasePool.h */ = {isa = PBXFileReference; fileEncoding = 4; lastKnownFileType = sourcecode.c.h; path = FMDatabasePool.h; sourceTree = "<group>"; };
		5A03478322D39D0800749EBC /* FMDatabaseQueue.h */ = {isa = PBXFileReference; fileEncoding = 4; lastKnownFileType = sourcecode.c.h; path = FMDatabaseQueue.h; sourceTree = "<group>"; };
		5A03478422D39D0800749EBC /* FMDatabaseQueue.m */ = {isa = PBXFileReference; fileEncoding = 4; lastKnownFileType = sourcecode.c.objc; path = FMDatabaseQueue.m; sourceTree = "<group>"; };
		5A03478522D39D0800749EBC /* FMResultSet.h */ = {isa = PBXFileReference; fileEncoding = 4; lastKnownFileType = sourcecode.c.h; path = FMResultSet.h; sourceTree = "<group>"; };
		5A03478622D39D0800749EBC /* FMResultSet.m */ = {isa = PBXFileReference; fileEncoding = 4; lastKnownFileType = sourcecode.c.objc; path = FMResultSet.m; sourceTree = "<group>"; };
		5A03478722D39D0800749EBC /* FMDatabase.h */ = {isa = PBXFileReference; fileEncoding = 4; lastKnownFileType = sourcecode.c.h; path = FMDatabase.h; sourceTree = "<group>"; };
		5A03478822D39D0900749EBC /* FMDatabase.m */ = {isa = PBXFileReference; fileEncoding = 4; lastKnownFileType = sourcecode.c.objc; path = FMDatabase.m; sourceTree = "<group>"; };
		5A03478922D39D0900749EBC /* FMDB.h */ = {isa = PBXFileReference; fileEncoding = 4; lastKnownFileType = sourcecode.c.h; path = FMDB.h; sourceTree = "<group>"; };
		5A03478A22D39D0900749EBC /* FMDatabasePool.m */ = {isa = PBXFileReference; fileEncoding = 4; lastKnownFileType = sourcecode.c.objc; path = FMDatabasePool.m; sourceTree = "<group>"; };
		5A03478B22D39D0900749EBC /* FMDatabaseAdditions.m */ = {isa = PBXFileReference; fileEncoding = 4; lastKnownFileType = sourcecode.c.objc; path = FMDatabaseAdditions.m; sourceTree = "<group>"; };
		5A03479522D3EE7500749EBC /* Globals.swift */ = {isa = PBXFileReference; lastKnownFileType = sourcecode.swift; path = Globals.swift; sourceTree = "<group>"; };
		5A15062922557E7C00717AB8 /* Answer.swift */ = {isa = PBXFileReference; lastKnownFileType = sourcecode.swift; path = Answer.swift; sourceTree = "<group>"; };
		5A189C29216D8E8400929AB8 /* Practical Medical Terminology.app */ = {isa = PBXFileReference; explicitFileType = wrapper.application; includeInIndex = 0; path = "Practical Medical Terminology.app"; sourceTree = BUILT_PRODUCTS_DIR; };
		5A189C2C216D8E8400929AB8 /* AppDelegate.swift */ = {isa = PBXFileReference; lastKnownFileType = sourcecode.swift; path = AppDelegate.swift; sourceTree = "<group>"; };
		5A189C38216D8E8400929AB8 /* Info.plist */ = {isa = PBXFileReference; lastKnownFileType = text.plist.xml; path = Info.plist; sourceTree = "<group>"; };
		5A18DF70241E8AD10006825B /* MyConstants.swift */ = {isa = PBXFileReference; lastKnownFileType = sourcecode.swift; path = MyConstants.swift; sourceTree = "<group>"; };
		5A2A58DA22EF7F1400434910 /* TestHomeVCH.swift */ = {isa = PBXFileReference; lastKnownFileType = sourcecode.swift; path = TestHomeVCH.swift; sourceTree = "<group>"; };
		5A2A58DC22F8C35200434910 /* TestSetVC.swift */ = {isa = PBXFileReference; lastKnownFileType = sourcecode.swift; path = TestSetVC.swift; sourceTree = "<group>"; };
		5A2A58DE22F8CE8100434910 /* TestSetVCH.swift */ = {isa = PBXFileReference; lastKnownFileType = sourcecode.swift; path = TestSetVCH.swift; sourceTree = "<group>"; };
		5A2A58ED22FBC24900434910 /* TestOptionsVC.swift */ = {isa = PBXFileReference; fileEncoding = 4; lastKnownFileType = sourcecode.swift; path = TestOptionsVC.swift; sourceTree = "<group>"; };
		5A367D2D22EA683F003A7E4B /* LearningHomeOptionsVC.swift */ = {isa = PBXFileReference; lastKnownFileType = sourcecode.swift; path = LearningHomeOptionsVC.swift; sourceTree = "<group>"; };
		5A367D3322EF513F003A7E4B /* CircularBar.swift */ = {isa = PBXFileReference; lastKnownFileType = sourcecode.swift; path = CircularBar.swift; sourceTree = "<group>"; };
		5A37F87922E74B18008A5FA5 /* ScrollController.swift */ = {isa = PBXFileReference; fileEncoding = 4; lastKnownFileType = sourcecode.swift; path = ScrollController.swift; sourceTree = "<group>"; };
		5A4471542281C655008E3107 /* TermListVCH.swift */ = {isa = PBXFileReference; lastKnownFileType = sourcecode.swift; path = TermListVCH.swift; sourceTree = "<group>"; };
		5A4471642284EE85008E3107 /* TermCell.swift */ = {isa = PBXFileReference; lastKnownFileType = sourcecode.swift; path = TermCell.swift; sourceTree = "<group>"; };
		5A4F854722B168870016621C /* LearnCVCell.swift */ = {isa = PBXFileReference; lastKnownFileType = sourcecode.swift; path = LearnCVCell.swift; sourceTree = "<group>"; };
		5A4F854922B16C2E0016621C /* LearnSetVCH.swift */ = {isa = PBXFileReference; lastKnownFileType = sourcecode.swift; path = LearnSetVCH.swift; sourceTree = "<group>"; };
		5A4F854B22B173B40016621C /* LearnSetVC.swift */ = {isa = PBXFileReference; fileEncoding = 4; lastKnownFileType = sourcecode.swift; path = LearnSetVC.swift; sourceTree = "<group>"; };
		5A4F854F22B310F80016621C /* AnswerTCell.swift */ = {isa = PBXFileReference; lastKnownFileType = sourcecode.swift; path = AnswerTCell.swift; sourceTree = "<group>"; };
		5A5FF784241207D50036480D /* MyAudioPlayer.swift */ = {isa = PBXFileReference; lastKnownFileType = sourcecode.swift; path = MyAudioPlayer.swift; sourceTree = "<group>"; };
		5A67C14A231071D900BAA2A0 /* TestDoneCVCell.swift */ = {isa = PBXFileReference; lastKnownFileType = sourcecode.swift; path = TestDoneCVCell.swift; sourceTree = "<group>"; };
		5A67C14C231077FA00BAA2A0 /* LearnDoneCVCell.swift */ = {isa = PBXFileReference; lastKnownFileType = sourcecode.swift; path = LearnDoneCVCell.swift; sourceTree = "<group>"; };
		5A78911223428AFA00F7EC48 /* InfoVC.swift */ = {isa = PBXFileReference; lastKnownFileType = sourcecode.swift; path = InfoVC.swift; sourceTree = "<group>"; };
		5A88633D217226180013FC8B /* Medical Terminology.db */ = {isa = PBXFileReference; lastKnownFileType = file; path = "Medical Terminology.db"; sourceTree = "<group>"; };
		5A88634D218560030013FC8B /* TermListVC.swift */ = {isa = PBXFileReference; lastKnownFileType = sourcecode.swift; path = TermListVC.swift; sourceTree = "<group>"; };
		5ABE7220226CB25F005B83C4 /* Utilities.swift */ = {isa = PBXFileReference; lastKnownFileType = sourcecode.swift; path = Utilities.swift; sourceTree = "<group>"; };
		5AC0C56E22D6AB77009965F1 /* LearningHomeVC.swift */ = {isa = PBXFileReference; lastKnownFileType = sourcecode.swift; path = LearningHomeVC.swift; sourceTree = "<group>"; };
		5AC0C57222D6C83C009965F1 /* LearningHomeVCH.swift */ = {isa = PBXFileReference; lastKnownFileType = sourcecode.swift; path = LearningHomeVCH.swift; sourceTree = "<group>"; };
		5AD725E5225E4E2F007CED84 /* MyTheme.swift */ = {isa = PBXFileReference; lastKnownFileType = sourcecode.swift; path = MyTheme.swift; sourceTree = "<group>"; };
		5AF85738228F2C27008929D5 /* FlashcardCell.swift */ = {isa = PBXFileReference; lastKnownFileType = sourcecode.swift; path = FlashcardCell.swift; sourceTree = "<group>"; };
		991AC59E262693DF00E52062 /* CategoryVC.swift */ = {isa = PBXFileReference; lastKnownFileType = sourcecode.swift; path = CategoryVC.swift; sourceTree = "<group>"; };
		991AC5A6262755E300E52062 /* CategoryVCH.swift */ = {isa = PBXFileReference; fileEncoding = 4; lastKnownFileType = sourcecode.swift; path = CategoryVCH.swift; sourceTree = "<group>"; };
		992B56802612870C000457AA /* TextUtilities.swift */ = {isa = PBXFileReference; lastKnownFileType = sourcecode.swift; path = TextUtilities.swift; sourceTree = "<group>"; };
		992B56A3261382BF000457AA /* ValidationVC.swift */ = {isa = PBXFileReference; fileEncoding = 4; lastKnownFileType = sourcecode.swift; path = ValidationVC.swift; sourceTree = "<group>"; };
		992E79CF260A2ADD00C19D49 /* FlashCardOptionsVC.swift */ = {isa = PBXFileReference; fileEncoding = 4; lastKnownFileType = sourcecode.swift; path = FlashCardOptionsVC.swift; sourceTree = "<group>"; };
		992E79D0260A2ADD00C19D49 /* FlashcardVCH.swift */ = {isa = PBXFileReference; fileEncoding = 4; lastKnownFileType = sourcecode.swift; path = FlashcardVCH.swift; sourceTree = "<group>"; };
		992E79D1260A2ADD00C19D49 /* FlashcardVC.swift */ = {isa = PBXFileReference; fileEncoding = 4; lastKnownFileType = sourcecode.swift; path = FlashcardVC.swift; sourceTree = "<group>"; };
		992E79DD260A43C700C19D49 /* Term.swift */ = {isa = PBXFileReference; fileEncoding = 4; lastKnownFileType = sourcecode.swift; path = Term.swift; sourceTree = "<group>"; };
		992E79DE260A43C700C19D49 /* TermController.swift */ = {isa = PBXFileReference; fileEncoding = 4; lastKnownFileType = sourcecode.swift; path = TermController.swift; sourceTree = "<group>"; };
		992E79E7260B834200C19D49 /* Category.swift */ = {isa = PBXFileReference; lastKnownFileType = sourcecode.swift; path = Category.swift; sourceTree = "<group>"; };
		992E79EA260C413D00C19D49 /* AddCell.swift */ = {isa = PBXFileReference; lastKnownFileType = sourcecode.swift; path = AddCell.swift; sourceTree = "<group>"; };
		992E79FC260FBA3100C19D49 /* CategoryController.swift */ = {isa = PBXFileReference; lastKnownFileType = sourcecode.swift; path = CategoryController.swift; sourceTree = "<group>"; };
		992F87032630B3EC00591CF9 /* NoFlashCardCell.swift */ = {isa = PBXFileReference; lastKnownFileType = sourcecode.swift; path = NoFlashCardCell.swift; sourceTree = "<group>"; };
		994175DD245A38A900E281DB /* AudioFileController.swift */ = {isa = PBXFileReference; lastKnownFileType = sourcecode.swift; path = AudioFileController.swift; sourceTree = "<group>"; };
		994175E1245B5BAE00E281DB /* SettingsController.swift */ = {isa = PBXFileReference; lastKnownFileType = sourcecode.swift; path = SettingsController.swift; sourceTree = "<group>"; };
		9950D3DB245E720D0052574A /* WelcomeScreenVC.swift */ = {isa = PBXFileReference; lastKnownFileType = sourcecode.swift; path = WelcomeScreenVC.swift; sourceTree = "<group>"; };
		9959B73425EE85A700262CC3 /* Audio */ = {isa = PBXFileReference; lastKnownFileType = folder; path = Audio; sourceTree = "<group>"; };
		9960A04726027EC4003F4994 /* NoCategoriesCell.swift */ = {isa = PBXFileReference; lastKnownFileType = sourcecode.swift; path = NoCategoriesCell.swift; sourceTree = "<group>"; };
		9963C24D2475828B0096E348 /* Assets.xcassets */ = {isa = PBXFileReference; lastKnownFileType = folder.assetcatalog; path = Assets.xcassets; sourceTree = "<group>"; };
		9983980E25F05B6B00CC0354 /* StoreKit.framework */ = {isa = PBXFileReference; lastKnownFileType = wrapper.framework; name = StoreKit.framework; path = System/Library/Frameworks/StoreKit.framework; sourceTree = SDKROOT; };
		99937ACD263EDAA2001E4D4B /* QuestionController.swift */ = {isa = PBXFileReference; lastKnownFileType = sourcecode.swift; name = QuestionController.swift; path = "Medical Terminology/Controllers/New Modules/QuestionController.swift"; sourceTree = SOURCE_ROOT; };
		99937AD0263F23E8001E4D4B /* QuizBase.swift */ = {isa = PBXFileReference; lastKnownFileType = sourcecode.swift; path = QuizBase.swift; sourceTree = "<group>"; };
		99937AD3263F24FB001E4D4B /* Question.swift */ = {isa = PBXFileReference; lastKnownFileType = sourcecode.swift; path = Question.swift; sourceTree = "<group>"; };
		99937AD6263F25C7001E4D4B /* LearningSet.swift */ = {isa = PBXFileReference; lastKnownFileType = sourcecode.swift; path = LearningSet.swift; sourceTree = "<group>"; };
		99937ADA263F79A7001E4D4B /* QuizSet.swift */ = {isa = PBXFileReference; lastKnownFileType = sourcecode.swift; path = QuizSet.swift; sourceTree = "<group>"; };
		99937AE12640E4A1001E4D4B /* QuizTestBase.swift */ = {isa = PBXFileReference; lastKnownFileType = sourcecode.swift; path = QuizTestBase.swift; sourceTree = "<group>"; };
		99937AFE26425D9F001E4D4B /* FlashcardController.swift */ = {isa = PBXFileReference; lastKnownFileType = sourcecode.swift; path = FlashcardController.swift; sourceTree = "<group>"; };
		99937B0D264DFFF4001E4D4B /* MigrateDB.swift */ = {isa = PBXFileReference; lastKnownFileType = sourcecode.swift; path = MigrateDB.swift; sourceTree = "<group>"; };
		99937B10264EA49F001E4D4B /* AssignedCategory.swift */ = {isa = PBXFileReference; lastKnownFileType = sourcecode.swift; path = AssignedCategory.swift; sourceTree = "<group>"; };
		99937B13264EA578001E4D4B /* AssignedCategoryController.swift */ = {isa = PBXFileReference; lastKnownFileType = sourcecode.swift; path = AssignedCategoryController.swift; sourceTree = "<group>"; };
		99A722D4261E7846001DEDBD /* SingleLineInputVC.swift */ = {isa = PBXFileReference; lastKnownFileType = sourcecode.swift; path = SingleLineInputVC.swift; sourceTree = "<group>"; };
		99A722DB261F5693001DEDBD /* ZUIRoundedButton.swift */ = {isa = PBXFileReference; lastKnownFileType = sourcecode.swift; path = ZUIRoundedButton.swift; sourceTree = "<group>"; };
		99A723032620D036001DEDBD /* MultiLineInputVC.swift */ = {isa = PBXFileReference; lastKnownFileType = sourcecode.swift; path = MultiLineInputVC.swift; sourceTree = "<group>"; };
		99A723092621EEAB001DEDBD /* TextInputVCH.swift */ = {isa = PBXFileReference; lastKnownFileType = sourcecode.swift; path = TextInputVCH.swift; sourceTree = "<group>"; };
		99A723182623A445001DEDBD /* TermVCH.swift */ = {isa = PBXFileReference; lastKnownFileType = sourcecode.swift; path = TermVCH.swift; sourceTree = "<group>"; };
		99A99CCA25E9C97700308140 /* MyKeys.swift */ = {isa = PBXFileReference; lastKnownFileType = sourcecode.swift; path = MyKeys.swift; sourceTree = "<group>"; };
		99A99CD825EA1F0A00308140 /* DatabaseUtilities.swift */ = {isa = PBXFileReference; lastKnownFileType = sourcecode.swift; path = DatabaseUtilities.swift; sourceTree = "<group>"; };
		99D55E0125F6C7B7003ABE0B /* TestCVCell.swift */ = {isa = PBXFileReference; fileEncoding = 4; lastKnownFileType = sourcecode.swift; path = TestCVCell.swift; sourceTree = "<group>"; };
		99D55E0425F6C7CA003ABE0B /* TestHomeVC.swift */ = {isa = PBXFileReference; fileEncoding = 4; lastKnownFileType = sourcecode.swift; path = TestHomeVC.swift; sourceTree = "<group>"; };
		99D55E0925F6DAD8003ABE0B /* CategoryListVC.swift */ = {isa = PBXFileReference; lastKnownFileType = sourcecode.swift; path = CategoryListVC.swift; sourceTree = "<group>"; };
		99D55E1125F7EF92003ABE0B /* CategoryListVCH.swift */ = {isa = PBXFileReference; lastKnownFileType = sourcecode.swift; path = CategoryListVCH.swift; sourceTree = "<group>"; };
		99D55E1625F967AA003ABE0B /* CategoryCell.swift */ = {isa = PBXFileReference; lastKnownFileType = sourcecode.swift; path = CategoryCell.swift; sourceTree = "<group>"; };
		99D55E4C25FF5A03003ABE0B /* Tests.swift */ = {isa = PBXFileReference; lastKnownFileType = sourcecode.swift; path = Tests.swift; sourceTree = "<group>"; };
		99D76AC42616C9CE0062CCD4 /* TermsList.swift */ = {isa = PBXFileReference; fileEncoding = 4; lastKnownFileType = sourcecode.swift; path = TermsList.swift; sourceTree = "<group>"; };
		99D76AD12617909A0062CCD4 /* NoTermsCell.swift */ = {isa = PBXFileReference; lastKnownFileType = sourcecode.swift; path = NoTermsCell.swift; sourceTree = "<group>"; };
		99D76AE826181C560062CCD4 /* ZUIToggleButton.swift */ = {isa = PBXFileReference; lastKnownFileType = sourcecode.swift; path = ZUIToggleButton.swift; sourceTree = "<group>"; };
		99D76B00261969AA0062CCD4 /* TermVC.swift */ = {isa = PBXFileReference; lastKnownFileType = sourcecode.swift; path = TermVC.swift; sourceTree = "<group>"; };
		99DF26522470F3790021AFC1 /* Base */ = {isa = PBXFileReference; lastKnownFileType = file.storyboard; name = Base; path = Base.lproj/Main.storyboard; sourceTree = "<group>"; };
		99DF26532470F3790021AFC1 /* Base */ = {isa = PBXFileReference; lastKnownFileType = file.storyboard; name = Base; path = Base.lproj/LaunchScreen.storyboard; sourceTree = "<group>"; };
/* End PBXFileReference section */

/* Begin PBXFrameworksBuildPhase section */
		5A189C26216D8E8400929AB8 /* Frameworks */ = {
			isa = PBXFrameworksBuildPhase;
			buildActionMask = 2147483647;
			files = (
				9983980F25F05B6B00CC0354 /* StoreKit.framework in Frameworks */,
			);
			runOnlyForDeploymentPostprocessing = 0;
		};
/* End PBXFrameworksBuildPhase section */

/* Begin PBXGroup section */
		5A03477F22D39CE400749EBC /* FMDB */ = {
			isa = PBXGroup;
			children = (
				5A03478722D39D0800749EBC /* FMDatabase.h */,
				5A03478822D39D0900749EBC /* FMDatabase.m */,
				5A03478122D39D0800749EBC /* FMDatabaseAdditions.h */,
				5A03478B22D39D0900749EBC /* FMDatabaseAdditions.m */,
				5A03478222D39D0800749EBC /* FMDatabasePool.h */,
				5A03478A22D39D0900749EBC /* FMDatabasePool.m */,
				5A03478322D39D0800749EBC /* FMDatabaseQueue.h */,
				5A03478422D39D0800749EBC /* FMDatabaseQueue.m */,
				5A03478922D39D0900749EBC /* FMDB.h */,
				5A03478522D39D0800749EBC /* FMResultSet.h */,
				5A03478622D39D0800749EBC /* FMResultSet.m */,
				5A03478022D39D0700749EBC /* Medical Terminology-Bridging-Header.h */,
			);
			path = FMDB;
			sourceTree = "<group>";
		};
		5A15062722557B4600717AB8 /* General */ = {
			isa = PBXGroup;
			children = (
				994175DD245A38A900E281DB /* AudioFileController.swift */,
				992E79FC260FBA3100C19D49 /* CategoryController.swift */,
				99937B13264EA578001E4D4B /* AssignedCategoryController.swift */,
				5A367D3322EF513F003A7E4B /* CircularBar.swift */,
				99A99CD825EA1F0A00308140 /* DatabaseUtilities.swift */,
				99937AFE26425D9F001E4D4B /* FlashcardController.swift */,
				99937ACD263EDAA2001E4D4B /* QuestionController.swift */,
				994175E1245B5BAE00E281DB /* SettingsController.swift */,
				992E79DE260A43C700C19D49 /* TermController.swift */,
				99D55E4C25FF5A03003ABE0B /* Tests.swift */,
				992B56802612870C000457AA /* TextUtilities.swift */,
				5ABE7220226CB25F005B83C4 /* Utilities.swift */,
				99937B0D264DFFF4001E4D4B /* MigrateDB.swift */,
			);
			path = General;
			sourceTree = "<group>";
		};
		5A15062822557B7500717AB8 /* Database */ = {
			isa = PBXGroup;
			children = (
				5A88633D217226180013FC8B /* Medical Terminology.db */,
			);
			path = Database;
			sourceTree = "<group>";
		};
		5A189C20216D8E8400929AB8 = {
			isa = PBXGroup;
			children = (
				5A189C2B216D8E8400929AB8 /* Medical Terminology */,
				9983980D25F05B6B00CC0354 /* Frameworks */,
			);
			sourceTree = "<group>";
		};
		5A189C2A216D8E8400929AB8 /* Products */ = {
			isa = PBXGroup;
			children = (
				5A189C29216D8E8400929AB8 /* Practical Medical Terminology.app */,
			);
			name = Products;
			path = ..;
			sourceTree = "<group>";
		};
		5A189C2B216D8E8400929AB8 /* Medical Terminology */ = {
			isa = PBXGroup;
			children = (
				9959B73425EE85A700262CC3 /* Audio */,
				99D76AEB26181C9E0062CCD4 /* Components */,
				5A03477F22D39CE400749EBC /* FMDB */,
				5A6F31B821A1E3A200E6477E /* Singleton */,
				5A15062822557B7500717AB8 /* Database */,
				5A88634C21853DC90013FC8B /* Controllers */,
				5A88636F2186AC400013FC8B /* Model */,
				5A8863702186AC840013FC8B /* View */,
				5A189C2A216D8E8400929AB8 /* Products */,
				5A189C2C216D8E8400929AB8 /* AppDelegate.swift */,
				5A189C38216D8E8400929AB8 /* Info.plist */,
				9963C24D2475828B0096E348 /* Assets.xcassets */,
			);
			path = "Medical Terminology";
			sourceTree = "<group>";
		};
		5A2A58E122F8DD7000434910 /* Quiz */ = {
			isa = PBXGroup;
			children = (
				5A2A58ED22FBC24900434910 /* TestOptionsVC.swift */,
				5A67C14A231071D900BAA2A0 /* TestDoneCVCell.swift */,
				5A2A58DE22F8CE8100434910 /* TestSetVCH.swift */,
				5A2A58DC22F8C35200434910 /* TestSetVC.swift */,
				99D55E0125F6C7B7003ABE0B /* TestCVCell.swift */,
				5A2A58DA22EF7F1400434910 /* TestHomeVCH.swift */,
				99D55E0425F6C7CA003ABE0B /* TestHomeVC.swift */,
			);
			path = Quiz;
			sourceTree = "<group>";
		};
		5A2A58E222F8DDB800434910 /* Learning */ = {
			isa = PBXGroup;
			children = (
				5A67C14C231077FA00BAA2A0 /* LearnDoneCVCell.swift */,
				5A4F854722B168870016621C /* LearnCVCell.swift */,
				5A4F854922B16C2E0016621C /* LearnSetVCH.swift */,
				5A4F854B22B173B40016621C /* LearnSetVC.swift */,
				5A367D2D22EA683F003A7E4B /* LearningHomeOptionsVC.swift */,
				5AC0C57222D6C83C009965F1 /* LearningHomeVCH.swift */,
				5AC0C56E22D6AB77009965F1 /* LearningHomeVC.swift */,
			);
			path = Learning;
			sourceTree = "<group>";
		};
		5A2A58E322F8DEA500434910 /* Flashcards */ = {
			isa = PBXGroup;
			children = (
				992E79CF260A2ADD00C19D49 /* FlashCardOptionsVC.swift */,
				5AF85738228F2C27008929D5 /* FlashcardCell.swift */,
				992E79D0260A2ADD00C19D49 /* FlashcardVCH.swift */,
				992E79D1260A2ADD00C19D49 /* FlashcardVC.swift */,
				992F87032630B3EC00591CF9 /* NoFlashCardCell.swift */,
			);
			path = Flashcards;
			sourceTree = "<group>";
		};
		5A2A58E422F8DEC900434910 /* Term List */ = {
			isa = PBXGroup;
			children = (
				99D76AC42616C9CE0062CCD4 /* TermsList.swift */,
				99D76AD12617909A0062CCD4 /* NoTermsCell.swift */,
				5A4471642284EE85008E3107 /* TermCell.swift */,
				5A4471542281C655008E3107 /* TermListVCH.swift */,
				5A88634D218560030013FC8B /* TermListVC.swift */,
			);
			path = "Term List";
			sourceTree = "<group>";
		};
		5A2A58F122FCA4F400434910 /* Quiz Models */ = {
			isa = PBXGroup;
			children = (
				99937AE12640E4A1001E4D4B /* QuizTestBase.swift */,
				99937AD0263F23E8001E4D4B /* QuizBase.swift */,
				99937AD6263F25C7001E4D4B /* LearningSet.swift */,
				99937ADA263F79A7001E4D4B /* QuizSet.swift */,
			);
			path = "Quiz Models";
			sourceTree = "<group>";
		};
		5A37F85122E29819008A5FA5 /* Shared */ = {
			isa = PBXGroup;
			children = (
				5A37F87922E74B18008A5FA5 /* ScrollController.swift */,
				5A4F854F22B310F80016621C /* AnswerTCell.swift */,
			);
			path = Shared;
			sourceTree = "<group>";
		};
		5A6F31B821A1E3A200E6477E /* Singleton */ = {
			isa = PBXGroup;
			children = (
				5A03479522D3EE7500749EBC /* Globals.swift */,
				5AD725E5225E4E2F007CED84 /* MyTheme.swift */,
				5A5FF784241207D50036480D /* MyAudioPlayer.swift */,
				5A18DF70241E8AD10006825B /* MyConstants.swift */,
				99A99CCA25E9C97700308140 /* MyKeys.swift */,
			);
			path = Singleton;
			sourceTree = "<group>";
		};
		5A78911123428AC600F7EC48 /* Info */ = {
			isa = PBXGroup;
			children = (
				5A78911223428AFA00F7EC48 /* InfoVC.swift */,
			);
			path = Info;
			sourceTree = "<group>";
		};
		5A88634C21853DC90013FC8B /* Controllers */ = {
			isa = PBXGroup;
			children = (
				99A722D3261E7824001DEDBD /* Text Input */,
				99D76AFE261969880062CCD4 /* Term */,
				992B56A2261382BF000457AA /* Validation */,
				992B566A2610E8CC000457AA /* Category */,
				998398E025F6AAAF00CC0354 /* Category List */,
				5A2A58E322F8DEA500434910 /* Flashcards */,
				5A2A58E422F8DEC900434910 /* Term List */,
				5A15062722557B4600717AB8 /* General */,
				5A78911123428AC600F7EC48 /* Info */,
				5A2A58E222F8DDB800434910 /* Learning */,
				5A2A58E122F8DD7000434910 /* Quiz */,
				5A37F85122E29819008A5FA5 /* Shared */,
				9950D3DD245E72C10052574A /* WelcomeScreen */,
			);
			path = Controllers;
			sourceTree = "<group>";
		};
		5A88636F2186AC400013FC8B /* Model */ = {
			isa = PBXGroup;
			children = (
				992E79E7260B834200C19D49 /* Category.swift */,
				99937B10264EA49F001E4D4B /* AssignedCategory.swift */,
				992E79DD260A43C700C19D49 /* Term.swift */,
				5A2A58F122FCA4F400434910 /* Quiz Models */,
				99937AD3263F24FB001E4D4B /* Question.swift */,
				5A15062922557E7C00717AB8 /* Answer.swift */,
			);
			path = Model;
			sourceTree = "<group>";
		};
		5A8863702186AC840013FC8B /* View */ = {
			isa = PBXGroup;
			children = (
				5A189C30216D8E8400929AB8 /* Main.storyboard */,
				5A189C35216D8E8400929AB8 /* LaunchScreen.storyboard */,
			);
			path = View;
			sourceTree = "<group>";
		};
		992B566A2610E8CC000457AA /* Category */ = {
			isa = PBXGroup;
			children = (
				991AC5A6262755E300E52062 /* CategoryVCH.swift */,
				991AC59E262693DF00E52062 /* CategoryVC.swift */,
			);
			path = Category;
			sourceTree = "<group>";
		};
		992B56A2261382BF000457AA /* Validation */ = {
			isa = PBXGroup;
			children = (
				992B56A3261382BF000457AA /* ValidationVC.swift */,
			);
			path = Validation;
			sourceTree = "<group>";
		};
		9950D3DD245E72C10052574A /* WelcomeScreen */ = {
			isa = PBXGroup;
			children = (
				9950D3DB245E720D0052574A /* WelcomeScreenVC.swift */,
			);
			path = WelcomeScreen;
			sourceTree = "<group>";
		};
		9983980D25F05B6B00CC0354 /* Frameworks */ = {
			isa = PBXGroup;
			children = (
				9983980E25F05B6B00CC0354 /* StoreKit.framework */,
			);
			name = Frameworks;
			sourceTree = "<group>";
		};
		998398E025F6AAAF00CC0354 /* Category List */ = {
			isa = PBXGroup;
			children = (
				992E79EA260C413D00C19D49 /* AddCell.swift */,
				99D55E1625F967AA003ABE0B /* CategoryCell.swift */,
				9960A04726027EC4003F4994 /* NoCategoriesCell.swift */,
				99D55E1125F7EF92003ABE0B /* CategoryListVCH.swift */,
				99D55E0925F6DAD8003ABE0B /* CategoryListVC.swift */,
			);
			path = "Category List";
			sourceTree = "<group>";
		};
		99A722D3261E7824001DEDBD /* Text Input */ = {
			isa = PBXGroup;
			children = (
				99A722D4261E7846001DEDBD /* SingleLineInputVC.swift */,
				99A723032620D036001DEDBD /* MultiLineInputVC.swift */,
				99A723092621EEAB001DEDBD /* TextInputVCH.swift */,
			);
			path = "Text Input";
			sourceTree = "<group>";
		};
		99D76AEB26181C9E0062CCD4 /* Components */ = {
			isa = PBXGroup;
			children = (
				99D76AE826181C560062CCD4 /* ZUIToggleButton.swift */,
				99A722DB261F5693001DEDBD /* ZUIRoundedButton.swift */,
			);
			path = Components;
			sourceTree = "<group>";
		};
		99D76AFE261969880062CCD4 /* Term */ = {
			isa = PBXGroup;
			children = (
				99D76B00261969AA0062CCD4 /* TermVC.swift */,
				99A723182623A445001DEDBD /* TermVCH.swift */,
			);
			path = Term;
			sourceTree = "<group>";
		};
/* End PBXGroup section */

/* Begin PBXNativeTarget section */
		5A189C28216D8E8400929AB8 /* Medical Terminology */ = {
			isa = PBXNativeTarget;
			buildConfigurationList = 5A189C3B216D8E8400929AB8 /* Build configuration list for PBXNativeTarget "Medical Terminology" */;
			buildPhases = (
				5A189C25216D8E8400929AB8 /* Sources */,
				5A189C26216D8E8400929AB8 /* Frameworks */,
				5A189C27216D8E8400929AB8 /* Resources */,
			);
			buildRules = (
			);
			dependencies = (
			);
			name = "Medical Terminology";
			productName = "Medical Terminology";
			productReference = 5A189C29216D8E8400929AB8 /* Practical Medical Terminology.app */;
			productType = "com.apple.product-type.application";
		};
/* End PBXNativeTarget section */

/* Begin PBXProject section */
		5A189C21216D8E8400929AB8 /* Project object */ = {
			isa = PBXProject;
			attributes = {
				LastSwiftUpdateCheck = 0920;
				LastUpgradeCheck = 1240;
				ORGANIZATIONNAME = "Zaigham Tahir";
				TargetAttributes = {
					5A189C28216D8E8400929AB8 = {
						CreatedOnToolsVersion = 9.2;
						LastSwiftMigration = 1100;
						ProvisioningStyle = Automatic;
					};
				};
			};
			buildConfigurationList = 5A189C24216D8E8400929AB8 /* Build configuration list for PBXProject "Medical Terminology" */;
			compatibilityVersion = "Xcode 11.0";
			developmentRegion = en;
			hasScannedForEncodings = 0;
			knownRegions = (
				en,
				Base,
			);
			mainGroup = 5A189C20216D8E8400929AB8;
			productRefGroup = 5A189C2A216D8E8400929AB8 /* Products */;
			projectDirPath = "";
			projectRoot = "";
			targets = (
				5A189C28216D8E8400929AB8 /* Medical Terminology */,
			);
		};
/* End PBXProject section */

/* Begin PBXResourcesBuildPhase section */
		5A189C27216D8E8400929AB8 /* Resources */ = {
			isa = PBXResourcesBuildPhase;
			buildActionMask = 2147483647;
			files = (
				5A189C37216D8E8400929AB8 /* LaunchScreen.storyboard in Resources */,
				9963C24E2475828D0096E348 /* Assets.xcassets in Resources */,
				5A88633F217226180013FC8B /* Medical Terminology.db in Resources */,
				9959B73525EE85A700262CC3 /* Audio in Resources */,
				5A189C32216D8E8400929AB8 /* Main.storyboard in Resources */,
			);
			runOnlyForDeploymentPostprocessing = 0;
		};
/* End PBXResourcesBuildPhase section */

/* Begin PBXSourcesBuildPhase section */
		5A189C25216D8E8400929AB8 /* Sources */ = {
			isa = PBXSourcesBuildPhase;
			buildActionMask = 2147483647;
			files = (
				994175E2245B5BAE00E281DB /* SettingsController.swift in Sources */,
				5A367D2E22EA683F003A7E4B /* LearningHomeOptionsVC.swift in Sources */,
				99937ADB263F79A7001E4D4B /* QuizSet.swift in Sources */,
				5A367D3422EF513F003A7E4B /* CircularBar.swift in Sources */,
				5A03478E22D39D0900749EBC /* FMDatabase.m in Sources */,
				5A2A58DD22F8C35200434910 /* TestSetVC.swift in Sources */,
				99937AD1263F23E8001E4D4B /* QuizBase.swift in Sources */,
				992B56812612870C000457AA /* TextUtilities.swift in Sources */,
				992E79D4260A2ADD00C19D49 /* FlashcardVC.swift in Sources */,
				5A78911323428AFA00F7EC48 /* InfoVC.swift in Sources */,
				5A03479022D39D0900749EBC /* FMDatabaseAdditions.m in Sources */,
				5A2A58DB22EF7F1400434910 /* TestHomeVCH.swift in Sources */,
				99A7230A2621EEAB001DEDBD /* TextInputVCH.swift in Sources */,
				5A03479622D3EE7500749EBC /* Globals.swift in Sources */,
				992E79D3260A2ADD00C19D49 /* FlashcardVCH.swift in Sources */,
				992E79EB260C413D00C19D49 /* AddCell.swift in Sources */,
				5AC0C57322D6C83C009965F1 /* LearningHomeVCH.swift in Sources */,
				991AC5A7262755E300E52062 /* CategoryVCH.swift in Sources */,
				99D76AC52616C9CE0062CCD4 /* TermsList.swift in Sources */,
				5A03478F22D39D0900749EBC /* FMDatabasePool.m in Sources */,
				99A723042620D036001DEDBD /* MultiLineInputVC.swift in Sources */,
				5AD725E6225E4E2F007CED84 /* MyTheme.swift in Sources */,
				5A67C14B231071D900BAA2A0 /* TestDoneCVCell.swift in Sources */,
				991AC59F262693DF00E52062 /* CategoryVC.swift in Sources */,
				992E79D2260A2ADD00C19D49 /* FlashCardOptionsVC.swift in Sources */,
				99A99CD925EA1F0A00308140 /* DatabaseUtilities.swift in Sources */,
				5A18DF71241E8AD10006825B /* MyConstants.swift in Sources */,
				5A4F854A22B16C2E0016621C /* LearnSetVCH.swift in Sources */,
				5A4471552281C655008E3107 /* TermListVCH.swift in Sources */,
				5A88634E218560030013FC8B /* TermListVC.swift in Sources */,
				99A722D5261E7846001DEDBD /* SingleLineInputVC.swift in Sources */,
				5A5FF785241207D50036480D /* MyAudioPlayer.swift in Sources */,
				992B56A4261382BF000457AA /* ValidationVC.swift in Sources */,
				992E79E0260A43C700C19D49 /* TermController.swift in Sources */,
				99D55E0A25F6DAD8003ABE0B /* CategoryListVC.swift in Sources */,
				99A99CCB25E9C97700308140 /* MyKeys.swift in Sources */,
				99D55E4D25FF5A03003ABE0B /* Tests.swift in Sources */,
				5A4F854C22B173B50016621C /* LearnSetVC.swift in Sources */,
				99937AE22640E4A1001E4D4B /* QuizTestBase.swift in Sources */,
				99D55E0225F6C7B7003ABE0B /* TestCVCell.swift in Sources */,
				5ABE7221226CB25F005B83C4 /* Utilities.swift in Sources */,
				5A4F855022B310F80016621C /* AnswerTCell.swift in Sources */,
				5A03478C22D39D0900749EBC /* FMDatabaseQueue.m in Sources */,
				5A37F87A22E74B18008A5FA5 /* ScrollController.swift in Sources */,
				994175DE245A38A900E281DB /* AudioFileController.swift in Sources */,
				992E79FD260FBA3100C19D49 /* CategoryController.swift in Sources */,
				99D55E1225F7EF92003ABE0B /* CategoryListVCH.swift in Sources */,
				99D76AE926181C560062CCD4 /* ZUIToggleButton.swift in Sources */,
				99937B0E264DFFF4001E4D4B /* MigrateDB.swift in Sources */,
				992E79DF260A43C700C19D49 /* Term.swift in Sources */,
				99937ACE263EDAA2001E4D4B /* QuestionController.swift in Sources */,
				5A189C2D216D8E8400929AB8 /* AppDelegate.swift in Sources */,
				5A2A58DF22F8CE8100434910 /* TestSetVCH.swift in Sources */,
				99937AFF26425D9F001E4D4B /* FlashcardController.swift in Sources */,
				992F87042630B3EC00591CF9 /* NoFlashCardCell.swift in Sources */,
				5A67C14D231077FA00BAA2A0 /* LearnDoneCVCell.swift in Sources */,
				992E79E8260B834200C19D49 /* Category.swift in Sources */,
				99D76B01261969AA0062CCD4 /* TermVC.swift in Sources */,
				99A722DC261F5693001DEDBD /* ZUIRoundedButton.swift in Sources */,
				5A2A58EE22FBC24900434910 /* TestOptionsVC.swift in Sources */,
				5AC0C56F22D6AB77009965F1 /* LearningHomeVC.swift in Sources */,
				9950D3DC245E720D0052574A /* WelcomeScreenVC.swift in Sources */,
				5A4471652284EE85008E3107 /* TermCell.swift in Sources */,
				99D55E0525F6C7CA003ABE0B /* TestHomeVC.swift in Sources */,
				5A15062A22557E7C00717AB8 /* Answer.swift in Sources */,
				99D76AD22617909A0062CCD4 /* NoTermsCell.swift in Sources */,
				99937B14264EA578001E4D4B /* AssignedCategoryController.swift in Sources */,
				99937AD4263F24FB001E4D4B /* Question.swift in Sources */,
				9960A04826027EC4003F4994 /* NoCategoriesCell.swift in Sources */,
				99A723192623A445001DEDBD /* TermVCH.swift in Sources */,
				99937AD7263F25C7001E4D4B /* LearningSet.swift in Sources */,
				5A4F854822B168870016621C /* LearnCVCell.swift in Sources */,
				5A03478D22D39D0900749EBC /* FMResultSet.m in Sources */,
				99937B11264EA49F001E4D4B /* AssignedCategory.swift in Sources */,
				5AF85739228F2C27008929D5 /* FlashcardCell.swift in Sources */,
				99D55E1725F967AA003ABE0B /* CategoryCell.swift in Sources */,
			);
			runOnlyForDeploymentPostprocessing = 0;
		};
/* End PBXSourcesBuildPhase section */

/* Begin PBXVariantGroup section */
		5A189C30216D8E8400929AB8 /* Main.storyboard */ = {
			isa = PBXVariantGroup;
			children = (
				99DF26522470F3790021AFC1 /* Base */,
			);
			name = Main.storyboard;
			sourceTree = "<group>";
		};
		5A189C35216D8E8400929AB8 /* LaunchScreen.storyboard */ = {
			isa = PBXVariantGroup;
			children = (
				99DF26532470F3790021AFC1 /* Base */,
			);
			name = LaunchScreen.storyboard;
			sourceTree = "<group>";
		};
/* End PBXVariantGroup section */

/* Begin XCBuildConfiguration section */
		5A189C39216D8E8400929AB8 /* Debug */ = {
			isa = XCBuildConfiguration;
			buildSettings = {
				ALWAYS_SEARCH_USER_PATHS = NO;
				CLANG_ANALYZER_NONNULL = YES;
				CLANG_ANALYZER_NUMBER_OBJECT_CONVERSION = YES_AGGRESSIVE;
				CLANG_CXX_LANGUAGE_STANDARD = "gnu++14";
				CLANG_CXX_LIBRARY = "libc++";
				CLANG_ENABLE_MODULES = YES;
				CLANG_ENABLE_OBJC_ARC = YES;
				CLANG_WARN_BLOCK_CAPTURE_AUTORELEASING = YES;
				CLANG_WARN_BOOL_CONVERSION = YES;
				CLANG_WARN_COMMA = YES;
				CLANG_WARN_CONSTANT_CONVERSION = YES;
				CLANG_WARN_DEPRECATED_OBJC_IMPLEMENTATIONS = YES;
				CLANG_WARN_DIRECT_OBJC_ISA_USAGE = YES_ERROR;
				CLANG_WARN_DOCUMENTATION_COMMENTS = YES;
				CLANG_WARN_EMPTY_BODY = YES;
				CLANG_WARN_ENUM_CONVERSION = YES;
				CLANG_WARN_INFINITE_RECURSION = YES;
				CLANG_WARN_INT_CONVERSION = YES;
				CLANG_WARN_NON_LITERAL_NULL_CONVERSION = YES;
				CLANG_WARN_OBJC_IMPLICIT_RETAIN_SELF = YES;
				CLANG_WARN_OBJC_LITERAL_CONVERSION = YES;
				CLANG_WARN_OBJC_ROOT_CLASS = YES_ERROR;
				CLANG_WARN_QUOTED_INCLUDE_IN_FRAMEWORK_HEADER = YES;
				CLANG_WARN_RANGE_LOOP_ANALYSIS = YES;
				CLANG_WARN_STRICT_PROTOTYPES = YES;
				CLANG_WARN_SUSPICIOUS_MOVE = YES;
				CLANG_WARN_UNGUARDED_AVAILABILITY = YES_AGGRESSIVE;
				CLANG_WARN_UNREACHABLE_CODE = YES;
				CLANG_WARN__DUPLICATE_METHOD_MATCH = YES;
				CODE_SIGN_IDENTITY = "iPhone Developer";
				COPY_PHASE_STRIP = NO;
				DEBUG_INFORMATION_FORMAT = dwarf;
				ENABLE_STRICT_OBJC_MSGSEND = YES;
				ENABLE_TESTABILITY = YES;
				GCC_C_LANGUAGE_STANDARD = gnu11;
				GCC_DYNAMIC_NO_PIC = NO;
				GCC_NO_COMMON_BLOCKS = YES;
				GCC_OPTIMIZATION_LEVEL = 0;
				GCC_PREPROCESSOR_DEFINITIONS = (
					"DEBUG=1",
					"$(inherited)",
				);
				GCC_WARN_64_TO_32_BIT_CONVERSION = YES;
				GCC_WARN_ABOUT_RETURN_TYPE = YES_ERROR;
				GCC_WARN_UNDECLARED_SELECTOR = YES;
				GCC_WARN_UNINITIALIZED_AUTOS = YES_AGGRESSIVE;
				GCC_WARN_UNUSED_FUNCTION = YES;
				GCC_WARN_UNUSED_VARIABLE = YES;
				IPHONEOS_DEPLOYMENT_TARGET = 13.0;
				MTL_ENABLE_DEBUG_INFO = YES;
				ONLY_ACTIVE_ARCH = YES;
				SDKROOT = iphoneos;
				SWIFT_ACTIVE_COMPILATION_CONDITIONS = DEBUG;
				SWIFT_OPTIMIZATION_LEVEL = "-Onone";
			};
			name = Debug;
		};
		5A189C3A216D8E8400929AB8 /* Release */ = {
			isa = XCBuildConfiguration;
			buildSettings = {
				ALWAYS_SEARCH_USER_PATHS = NO;
				CLANG_ANALYZER_NONNULL = YES;
				CLANG_ANALYZER_NUMBER_OBJECT_CONVERSION = YES_AGGRESSIVE;
				CLANG_CXX_LANGUAGE_STANDARD = "gnu++14";
				CLANG_CXX_LIBRARY = "libc++";
				CLANG_ENABLE_MODULES = YES;
				CLANG_ENABLE_OBJC_ARC = YES;
				CLANG_WARN_BLOCK_CAPTURE_AUTORELEASING = YES;
				CLANG_WARN_BOOL_CONVERSION = YES;
				CLANG_WARN_COMMA = YES;
				CLANG_WARN_CONSTANT_CONVERSION = YES;
				CLANG_WARN_DEPRECATED_OBJC_IMPLEMENTATIONS = YES;
				CLANG_WARN_DIRECT_OBJC_ISA_USAGE = YES_ERROR;
				CLANG_WARN_DOCUMENTATION_COMMENTS = YES;
				CLANG_WARN_EMPTY_BODY = YES;
				CLANG_WARN_ENUM_CONVERSION = YES;
				CLANG_WARN_INFINITE_RECURSION = YES;
				CLANG_WARN_INT_CONVERSION = YES;
				CLANG_WARN_NON_LITERAL_NULL_CONVERSION = YES;
				CLANG_WARN_OBJC_IMPLICIT_RETAIN_SELF = YES;
				CLANG_WARN_OBJC_LITERAL_CONVERSION = YES;
				CLANG_WARN_OBJC_ROOT_CLASS = YES_ERROR;
				CLANG_WARN_QUOTED_INCLUDE_IN_FRAMEWORK_HEADER = YES;
				CLANG_WARN_RANGE_LOOP_ANALYSIS = YES;
				CLANG_WARN_STRICT_PROTOTYPES = YES;
				CLANG_WARN_SUSPICIOUS_MOVE = YES;
				CLANG_WARN_UNGUARDED_AVAILABILITY = YES_AGGRESSIVE;
				CLANG_WARN_UNREACHABLE_CODE = YES;
				CLANG_WARN__DUPLICATE_METHOD_MATCH = YES;
				CODE_SIGN_IDENTITY = "iPhone Developer";
				COPY_PHASE_STRIP = NO;
				DEBUG_INFORMATION_FORMAT = "dwarf-with-dsym";
				ENABLE_NS_ASSERTIONS = NO;
				ENABLE_STRICT_OBJC_MSGSEND = YES;
				GCC_C_LANGUAGE_STANDARD = gnu11;
				GCC_NO_COMMON_BLOCKS = YES;
				GCC_WARN_64_TO_32_BIT_CONVERSION = YES;
				GCC_WARN_ABOUT_RETURN_TYPE = YES_ERROR;
				GCC_WARN_UNDECLARED_SELECTOR = YES;
				GCC_WARN_UNINITIALIZED_AUTOS = YES_AGGRESSIVE;
				GCC_WARN_UNUSED_FUNCTION = YES;
				GCC_WARN_UNUSED_VARIABLE = YES;
				IPHONEOS_DEPLOYMENT_TARGET = 13.0;
				MTL_ENABLE_DEBUG_INFO = NO;
				SDKROOT = iphoneos;
				SWIFT_COMPILATION_MODE = wholemodule;
				SWIFT_OPTIMIZATION_LEVEL = "-O";
				VALIDATE_PRODUCT = YES;
			};
			name = Release;
		};
		5A189C3C216D8E8400929AB8 /* Debug */ = {
			isa = XCBuildConfiguration;
			buildSettings = {
				ASSETCATALOG_COMPILER_APPICON_NAME = AppIcon;
				CLANG_ENABLE_MODULES = YES;
				CODE_SIGN_STYLE = Automatic;
				CURRENT_PROJECT_VERSION = 2;
				DEVELOPMENT_TEAM = K33TSXFU97;
				INFOPLIST_FILE = "Medical Terminology/Info.plist";
				LD_RUNPATH_SEARCH_PATHS = (
					"$(inherited)",
					"@executable_path/Frameworks",
				);
				MARKETING_VERSION = 1.53;
				PRODUCT_BUNDLE_IDENTIFIER = com.theappgalaxy.pmt;
				PRODUCT_NAME = "Practical Medical Terminology";
				SWIFT_OBJC_BRIDGING_HEADER = "Medical Terminology/FMDB/Medical Terminology-Bridging-Header.h";
				SWIFT_OPTIMIZATION_LEVEL = "-Onone";
				SWIFT_VERSION = 5.0;
				TARGETED_DEVICE_FAMILY = 1;
			};
			name = Debug;
		};
		5A189C3D216D8E8400929AB8 /* Release */ = {
			isa = XCBuildConfiguration;
			buildSettings = {
				ASSETCATALOG_COMPILER_APPICON_NAME = AppIcon;
				CLANG_ENABLE_MODULES = YES;
				CODE_SIGN_STYLE = Automatic;
				CURRENT_PROJECT_VERSION = 2;
				DEVELOPMENT_TEAM = K33TSXFU97;
				INFOPLIST_FILE = "Medical Terminology/Info.plist";
				LD_RUNPATH_SEARCH_PATHS = (
					"$(inherited)",
					"@executable_path/Frameworks",
				);
				MARKETING_VERSION = 1.53;
				MTL_ENABLE_DEBUG_INFO = YES;
				PRODUCT_BUNDLE_IDENTIFIER = com.theappgalaxy.pmt;
				PRODUCT_NAME = "Practical Medical Terminology";
				SWIFT_OBJC_BRIDGING_HEADER = "Medical Terminology/FMDB/Medical Terminology-Bridging-Header.h";
				SWIFT_VERSION = 5.0;
				TARGETED_DEVICE_FAMILY = 1;
			};
			name = Release;
		};
/* End XCBuildConfiguration section */

/* Begin XCConfigurationList section */
		5A189C24216D8E8400929AB8 /* Build configuration list for PBXProject "Medical Terminology" */ = {
			isa = XCConfigurationList;
			buildConfigurations = (
				5A189C39216D8E8400929AB8 /* Debug */,
				5A189C3A216D8E8400929AB8 /* Release */,
			);
			defaultConfigurationIsVisible = 0;
			defaultConfigurationName = Release;
		};
		5A189C3B216D8E8400929AB8 /* Build configuration list for PBXNativeTarget "Medical Terminology" */ = {
			isa = XCConfigurationList;
			buildConfigurations = (
				5A189C3C216D8E8400929AB8 /* Debug */,
				5A189C3D216D8E8400929AB8 /* Release */,
			);
			defaultConfigurationIsVisible = 0;
			defaultConfigurationName = Release;
		};
/* End XCConfigurationList section */
	};
	rootObject = 5A189C21216D8E8400929AB8 /* Project object */;
}
